// !$*UTF8*$!
{
	archiveVersion = 1;
	classes = {
	};
	objectVersion = 77;
	objects = {

/* Begin PBXBuildFile section */
		201A1B47A136ADF4E47879EC /* QuickActionsView.swift in Sources */ = {isa = PBXBuildFile; fileRef = 78ABBCB41A6E695DAB453DC2 /* QuickActionsView.swift */; };
		31F51A45A6AD2FAEEA09E173 /* Assets.xcassets in Resources */ = {isa = PBXBuildFile; fileRef = 06239CB24222C8B5B092314B /* Assets.xcassets */; };
		3A7B8231CAE498E159BC34E8 /* Constants.swift in Sources */ = {isa = PBXBuildFile; fileRef = AA080021EC5BF37292EBF7BC /* Constants.swift */; };
		43A4832827C6B6FF3253A281 /* AboutSettingsView.swift in Sources */ = {isa = PBXBuildFile; fileRef = E1651B36913553C52F4631CE /* AboutSettingsView.swift */; };
		43B668239AAFDCB6E2127428 /* KeyboardShortcuts in Frameworks */ = {isa = PBXBuildFile; productRef = 57615A85CA755C84385CC691 /* KeyboardShortcuts */; };
		5001C919B50496117523DFC0 /* DisplayPlacerManager.swift in Sources */ = {isa = PBXBuildFile; fileRef = A4EB8B8400EBCCE35835AFC1 /* DisplayPlacerManager.swift */; };
		51FEB91F0FB34816758E65E6 /* ShortcutsSettingsView.swift in Sources */ = {isa = PBXBuildFile; fileRef = 9916A160E36D4757BCFA0C57 /* ShortcutsSettingsView.swift */; };
		599C38640A558FD68CA65C88 /* DisplayMode.swift in Sources */ = {isa = PBXBuildFile; fileRef = 20F23167C5AF9E8735E7F053 /* DisplayMode.swift */; };
		5CE7CF8E98216F2A7EF4C986 /* KeyboardShortcutManager.swift in Sources */ = {isa = PBXBuildFile; fileRef = 12B28B79209D534EFDE2B57F /* KeyboardShortcutManager.swift */; };
		5ED2D284ECA3D5676C3ECBDA /* Profile.swift in Sources */ = {isa = PBXBuildFile; fileRef = 8501830F696E9B1808F9A6AC /* Profile.swift */; };
		679E073A6168676BF8E4A41D /* Display.swift in Sources */ = {isa = PBXBuildFile; fileRef = 7C3B1828AE4605945674C306 /* Display.swift */; };
		7C76CCDD82BB52D361779EB8 /* DisplayPlacerSettingsView.swift in Sources */ = {isa = PBXBuildFile; fileRef = 1343F313F2E7F388C3441319 /* DisplayPlacerSettingsView.swift */; };
		9BD8C5BB5A8A81B9529BFBF1 /* SettingsView.swift in Sources */ = {isa = PBXBuildFile; fileRef = E509F3178EB39EACFA478034 /* SettingsView.swift */; };
		A95D1B90992FBA45E8395321 /* DisplayManager.swift in Sources */ = {isa = PBXBuildFile; fileRef = F2F18612918B1C349257F83C /* DisplayManager.swift */; };
		B9FF17E7A9A97C7A8579FD8C /* NoBrainerResApp.swift in Sources */ = {isa = PBXBuildFile; fileRef = EE6052ED3320BA9411835A24 /* NoBrainerResApp.swift */; };
		D3F91E676E34E254D1AA46C9 /* IOKit.framework in Frameworks */ = {isa = PBXBuildFile; fileRef = D8F18FA1F1CAE8AC0D9493E4 /* IOKit.framework */; };
		D45A818858BCDB663EB476AD /* DisplayModeRowView.swift in Sources */ = {isa = PBXBuildFile; fileRef = 001864C1A2AB0AADB9B0D93B /* DisplayModeRowView.swift */; };
		D753B2C85CD66188DC15A8FA /* AppDelegate.swift in Sources */ = {isa = PBXBuildFile; fileRef = 6A492A2362A0290C0DE1D902 /* AppDelegate.swift */; };
		DE58652C942AD9139D3D7553 /* GeneralSettingsView.swift in Sources */ = {isa = PBXBuildFile; fileRef = 057A87358789EBD61FF1C06E /* GeneralSettingsView.swift */; };
		EDCC74DD1A459AC542E3FC6E /* ProfileManager.swift in Sources */ = {isa = PBXBuildFile; fileRef = 764FD9EB26B2F00CDDE77894 /* ProfileManager.swift */; };
		F47BA1A7E18CB9760F89D7A0 /* DisplaySectionView.swift in Sources */ = {isa = PBXBuildFile; fileRef = 0DC678FE380FBAB993C139D8 /* DisplaySectionView.swift */; };
		F7BC87C9346F1C337AEACAC0 /* MenuBarView.swift in Sources */ = {isa = PBXBuildFile; fileRef = 6E944FC2F706DB13CC77F05F /* MenuBarView.swift */; };
		F4A65D7DF4C44B219CECD327 /* VirtualDisplay.swift in Sources */ = {isa = PBXBuildFile; fileRef = 3C50B39192184D888891C32B /* VirtualDisplay.swift */; };
		E4094BA77DC04E4783CEEC47 /* VirtualDisplayManager.swift in Sources */ = {isa = PBXBuildFile; fileRef = D85A961E9B6C409AA7C745A2 /* VirtualDisplayManager.swift */; };
		F21B1406B2B344DE9279B91D /* VirtualDisplaySectionView.swift in Sources */ = {isa = PBXBuildFile; fileRef = 367AA546F8A0471783D4D408 /* VirtualDisplaySectionView.swift */; };
		A9D19BAD03924FEABA6F71F6 /* VirtualDisplaySettingsView.swift in Sources */ = {isa = PBXBuildFile; fileRef = FC919A4812C64AEFBAB5C1A0 /* VirtualDisplaySettingsView.swift */; };
		86A6D3DD6B9C4E748E29EBEC /* DaemonManager.swift in Sources */ = {isa = PBXBuildFile; fileRef = 159AB52972C14C7099F2BD03 /* DaemonManager.swift */; };
/* End PBXBuildFile section */

/* Begin PBXFileReference section */
		001864C1A2AB0AADB9B0D93B /* DisplayModeRowView.swift */ = {isa = PBXFileReference; lastKnownFileType = sourcecode.swift; path = DisplayModeRowView.swift; sourceTree = "<group>"; };
		057A87358789EBD61FF1C06E /* GeneralSettingsView.swift */ = {isa = PBXFileReference; lastKnownFileType = sourcecode.swift; path = GeneralSettingsView.swift; sourceTree = "<group>"; };
		06239CB24222C8B5B092314B /* Assets.xcassets */ = {isa = PBXFileReference; lastKnownFileType = folder.assetcatalog; path = Assets.xcassets; sourceTree = "<group>"; };
		0DC678FE380FBAB993C139D8 /* DisplaySectionView.swift */ = {isa = PBXFileReference; lastKnownFileType = sourcecode.swift; path = DisplaySectionView.swift; sourceTree = "<group>"; };
		12B28B79209D534EFDE2B57F /* KeyboardShortcutManager.swift */ = {isa = PBXFileReference; lastKnownFileType = sourcecode.swift; path = KeyboardShortcutManager.swift; sourceTree = "<group>"; };
		1343F313F2E7F388C3441319 /* DisplayPlacerSettingsView.swift */ = {isa = PBXFileReference; lastKnownFileType = sourcecode.swift; path = DisplayPlacerSettingsView.swift; sourceTree = "<group>"; };
		20F23167C5AF9E8735E7F053 /* DisplayMode.swift */ = {isa = PBXFileReference; lastKnownFileType = sourcecode.swift; path = DisplayMode.swift; sourceTree = "<group>"; };
		44C31A840663666CF41C9858 /* NoBrainer-Res.app */ = {isa = PBXFileReference; explicitFileType = wrapper.application; includeInIndex = 0; path = "NoBrainer-Res.app"; sourceTree = BUILT_PRODUCTS_DIR; };
		6A492A2362A0290C0DE1D902 /* AppDelegate.swift */ = {isa = PBXFileReference; lastKnownFileType = sourcecode.swift; path = AppDelegate.swift; sourceTree = "<group>"; };
		6E944FC2F706DB13CC77F05F /* MenuBarView.swift */ = {isa = PBXFileReference; lastKnownFileType = sourcecode.swift; path = MenuBarView.swift; sourceTree = "<group>"; };
		764FD9EB26B2F00CDDE77894 /* ProfileManager.swift */ = {isa = PBXFileReference; lastKnownFileType = sourcecode.swift; path = ProfileManager.swift; sourceTree = "<group>"; };
		78ABBCB41A6E695DAB453DC2 /* QuickActionsView.swift */ = {isa = PBXFileReference; lastKnownFileType = sourcecode.swift; path = QuickActionsView.swift; sourceTree = "<group>"; };
		7C3B1828AE4605945674C306 /* Display.swift */ = {isa = PBXFileReference; lastKnownFileType = sourcecode.swift; path = Display.swift; sourceTree = "<group>"; };
		7C6A0E4294320AE265C93C75 /* Info.plist */ = {isa = PBXFileReference; lastKnownFileType = text.plist; path = Info.plist; sourceTree = "<group>"; };
		8501830F696E9B1808F9A6AC /* Profile.swift */ = {isa = PBXFileReference; lastKnownFileType = sourcecode.swift; path = Profile.swift; sourceTree = "<group>"; };
		9916A160E36D4757BCFA0C57 /* ShortcutsSettingsView.swift */ = {isa = PBXFileReference; lastKnownFileType = sourcecode.swift; path = ShortcutsSettingsView.swift; sourceTree = "<group>"; };
		A4EB8B8400EBCCE35835AFC1 /* DisplayPlacerManager.swift */ = {isa = PBXFileReference; lastKnownFileType = sourcecode.swift; path = DisplayPlacerManager.swift; sourceTree = "<group>"; };
		AA080021EC5BF37292EBF7BC /* Constants.swift */ = {isa = PBXFileReference; lastKnownFileType = sourcecode.swift; path = Constants.swift; sourceTree = "<group>"; };
		D8F18FA1F1CAE8AC0D9493E4 /* IOKit.framework */ = {isa = PBXFileReference; lastKnownFileType = wrapper.framework; name = IOKit.framework; path = System/Library/Frameworks/IOKit.framework; sourceTree = SDKROOT; };
		E1651B36913553C52F4631CE /* AboutSettingsView.swift */ = {isa = PBXFileReference; lastKnownFileType = sourcecode.swift; path = AboutSettingsView.swift; sourceTree = "<group>"; };
		E509F3178EB39EACFA478034 /* SettingsView.swift */ = {isa = PBXFileReference; lastKnownFileType = sourcecode.swift; path = SettingsView.swift; sourceTree = "<group>"; };
		EE6052ED3320BA9411835A24 /* NoBrainerResApp.swift */ = {isa = PBXFileReference; lastKnownFileType = sourcecode.swift; path = NoBrainerResApp.swift; sourceTree = "<group>"; };
		F2F18612918B1C349257F83C /* DisplayManager.swift */ = {isa = PBXFileReference; lastKnownFileType = sourcecode.swift; path = DisplayManager.swift; sourceTree = "<group>"; };
		FF7C3990D8A42C6B76530307 /* NoBrainerRes.entitlements */ = {isa = PBXFileReference; lastKnownFileType = text.plist.entitlements; path = NoBrainerRes.entitlements; sourceTree = "<group>"; };
		3C50B39192184D888891C32B /* VirtualDisplay.swift */ = {isa = PBXFileReference; lastKnownFileType = sourcecode.swift; path = VirtualDisplay.swift; sourceTree = "<group>"; };
		159AB52972C14C7099F2BD03 /* DaemonManager.swift */ = {isa = PBXFileReference; lastKnownFileType = sourcecode.swift; path = DaemonManager.swift; sourceTree = "<group>"; };
		930389BC6D1742F1BF41F27B /* main.swift */ = {isa = PBXFileReference; lastKnownFileType = sourcecode.swift; path = main.swift; sourceTree = "<group>"; };
		8422907929404D50B365BB0D /* DisplayCreator.swift */ = {isa = PBXFileReference; lastKnownFileType = sourcecode.swift; path = DisplayCreator.swift; sourceTree = "<group>"; };
		D85A961E9B6C409AA7C745A2 /* VirtualDisplayManager.swift */ = {isa = PBXFileReference; lastKnownFileType = sourcecode.swift; path = VirtualDisplayManager.swift; sourceTree = "<group>"; };
		367AA546F8A0471783D4D408 /* VirtualDisplaySectionView.swift */ = {isa = PBXFileReference; lastKnownFileType = sourcecode.swift; path = VirtualDisplaySectionView.swift; sourceTree = "<group>"; };
		FC919A4812C64AEFBAB5C1A0 /* VirtualDisplaySettingsView.swift */ = {isa = PBXFileReference; lastKnownFileType = sourcecode.swift; path = VirtualDisplaySettingsView.swift; sourceTree = "<group>"; };
/* End PBXFileReference section */

/* Begin PBXFrameworksBuildPhase section */
		93C6C3E93D367B8B0B6128CE /* Frameworks */ = {
			isa = PBXFrameworksBuildPhase;
			buildActionMask = 2147483647;
			files = (
				43B668239AAFDCB6E2127428 /* KeyboardShortcuts in Frameworks */,
				D3F91E676E34E254D1AA46C9 /* IOKit.framework in Frameworks */,
			);
			runOnlyForDeploymentPostprocessing = 0;
		};
/* End PBXFrameworksBuildPhase section */

/* Begin PBXGroup section */
		05DEB3ED48DF8A46F810B6FA /* Settings */ = {
			isa = PBXGroup;
			children = (
				E1651B36913553C52F4631CE /* AboutSettingsView.swift */,
				1343F313F2E7F388C3441319 /* DisplayPlacerSettingsView.swift */,
				057A87358789EBD61FF1C06E /* GeneralSettingsView.swift */,
				E509F3178EB39EACFA478034 /* SettingsView.swift */,
				9916A160E36D4757BCFA0C57 /* ShortcutsSettingsView.swift */,
				FC919A4812C64AEFBAB5C1A0 /* VirtualDisplaySettingsView.swift */,
			);
			path = Settings;
			sourceTree = "<group>";
		};
		3F6EED295472C95E5860A4E1 = {
			isa = PBXGroup;
			children = (
				5D16F770DCB850F544ED3659 /* NoBrainer-Res */,
				A2C09A278B294B199A046E14 /* VirtualDisplayKeeper */,
				A4CC88513C002606C2C9CF78 /* Frameworks */,
				9FA6DAB81D0F79BBCDEFD676 /* Products */,
			);
			sourceTree = "<group>";
		};
		A2C09A278B294B199A046E14 /* VirtualDisplayKeeper */ = {
			isa = PBXGroup;
			children = (
				930389BC6D1742F1BF41F27B /* main.swift */,
				8422907929404D50B365BB0D /* DisplayCreator.swift */,
			);
			path = VirtualDisplayKeeper;
			sourceTree = "<group>";
		};
		5D16F770DCB850F544ED3659 /* NoBrainer-Res */ = {
			isa = PBXGroup;
			children = (
				827B6C1FCA6C7F8C3A76E68B /* App */,
				D385E3EE13A36C0FA8ABACD3 /* Core */,
				9E1F7E23BAF00F92CA1628E3 /* Features */,
				A660063E4FB19E1DE223A249 /* Resources */,
				C2A1B07009FE84A87E323CAA /* Shared */,
				7C6A0E4294320AE265C93C75 /* Info.plist */,
				FF7C3990D8A42C6B76530307 /* NoBrainerRes.entitlements */,
			);
			path = "NoBrainer-Res";
			sourceTree = "<group>";
		};
		827B6C1FCA6C7F8C3A76E68B /* App */ = {
			isa = PBXGroup;
			children = (
				6A492A2362A0290C0DE1D902 /* AppDelegate.swift */,
				EE6052ED3320BA9411835A24 /* NoBrainerResApp.swift */,
			);
			path = App;
			sourceTree = "<group>";
		};
		9A5983D9AA4E0C28A191C732 /* MenuBar */ = {
			isa = PBXGroup;
			children = (
				001864C1A2AB0AADB9B0D93B /* DisplayModeRowView.swift */,
				0DC678FE380FBAB993C139D8 /* DisplaySectionView.swift */,
				6E944FC2F706DB13CC77F05F /* MenuBarView.swift */,
				78ABBCB41A6E695DAB453DC2 /* QuickActionsView.swift */,
				367AA546F8A0471783D4D408 /* VirtualDisplaySectionView.swift */,
			);
			path = MenuBar;
			sourceTree = "<group>";
		};
		9E1F7E23BAF00F92CA1628E3 /* Features */ = {
			isa = PBXGroup;
			children = (
				9A5983D9AA4E0C28A191C732 /* MenuBar */,
				05DEB3ED48DF8A46F810B6FA /* Settings */,
			);
			path = Features;
			sourceTree = "<group>";
		};
		9FA6DAB81D0F79BBCDEFD676 /* Products */ = {
			isa = PBXGroup;
			children = (
				44C31A840663666CF41C9858 /* NoBrainer-Res.app */,
			);
			name = Products;
			sourceTree = "<group>";
		};
		A4CC88513C002606C2C9CF78 /* Frameworks */ = {
			isa = PBXGroup;
			children = (
				D8F18FA1F1CAE8AC0D9493E4 /* IOKit.framework */,
			);
			name = Frameworks;
			sourceTree = "<group>";
		};
		A660063E4FB19E1DE223A249 /* Resources */ = {
			isa = PBXGroup;
			children = (
				06239CB24222C8B5B092314B /* Assets.xcassets */,
			);
			path = Resources;
			sourceTree = "<group>";
		};
		C2A1B07009FE84A87E323CAA /* Shared */ = {
			isa = PBXGroup;
			children = (
				AA080021EC5BF37292EBF7BC /* Constants.swift */,
				12B28B79209D534EFDE2B57F /* KeyboardShortcutManager.swift */,
			);
			path = Shared;
			sourceTree = "<group>";
		};
		D385E3EE13A36C0FA8ABACD3 /* Core */ = {
			isa = PBXGroup;
			children = (
				7C3B1828AE4605945674C306 /* Display.swift */,
				F2F18612918B1C349257F83C /* DisplayManager.swift */,
				20F23167C5AF9E8735E7F053 /* DisplayMode.swift */,
				A4EB8B8400EBCCE35835AFC1 /* DisplayPlacerManager.swift */,
				8501830F696E9B1808F9A6AC /* Profile.swift */,
				764FD9EB26B2F00CDDE77894 /* ProfileManager.swift */,
				159AB52972C14C7099F2BD03 /* DaemonManager.swift */,
				3C50B39192184D888891C32B /* VirtualDisplay.swift */,
				D85A961E9B6C409AA7C745A2 /* VirtualDisplayManager.swift */,
			);
			path = Core;
			sourceTree = "<group>";
		};
/* End PBXGroup section */

/* Begin PBXNativeTarget section */
		AE266A8C90BB42E3C7185A45 /* NoBrainer-Res */ = {
			isa = PBXNativeTarget;
			buildConfigurationList = EE2BA2E550884C4E248F0683 /* Build configuration list for PBXNativeTarget "NoBrainer-Res" */;
			buildPhases = (
				C7AE052335AE4E35BA9D6679 /* Compile VirtualDisplayKeeper */,
				19CB7659716F57A03B7B34AB /* Sources */,
				4C8C686BB309AF4BD2E75631 /* Resources */,
				93C6C3E93D367B8B0B6128CE /* Frameworks */,
			);
			buildRules = (
			);
			dependencies = (
			);
			name = "NoBrainer-Res";
			packageProductDependencies = (
				57615A85CA755C84385CC691 /* KeyboardShortcuts */,
			);
			productName = "NoBrainer-Res";
			productReference = 44C31A840663666CF41C9858 /* NoBrainer-Res.app */;
			productType = "com.apple.product-type.application";
		};
/* End PBXNativeTarget section */

/* Begin PBXProject section */
		3E0FF1839313422D47AC23E3 /* Project object */ = {
			isa = PBXProject;
			attributes = {
				BuildIndependentTargetsInParallel = YES;
				LastUpgradeCheck = 1600;
				TargetAttributes = {
					AE266A8C90BB42E3C7185A45 = {
						ProvisioningStyle = Automatic;
					};
				};
			};
			buildConfigurationList = 8B538A80B63C68EF0DCDE324 /* Build configuration list for PBXProject "NoBrainer-Res" */;
			compatibilityVersion = "Xcode 14.0";
			developmentRegion = en;
			hasScannedForEncodings = 0;
			knownRegions = (
				Base,
				en,
			);
			mainGroup = 3F6EED295472C95E5860A4E1;
			minimizedProjectReferenceProxies = 1;
			packageReferences = (
				9EFBA9F2124E68A5ED4C0868 /* XCRemoteSwiftPackageReference "KeyboardShortcuts" */,
			);
			preferredProjectObjectVersion = 77;
			projectDirPath = "";
			projectRoot = "";
			targets = (
				AE266A8C90BB42E3C7185A45 /* NoBrainer-Res */,
			);
		};
/* End PBXProject section */

/* Begin PBXResourcesBuildPhase section */
		4C8C686BB309AF4BD2E75631 /* Resources */ = {
			isa = PBXResourcesBuildPhase;
			buildActionMask = 2147483647;
			files = (
				31F51A45A6AD2FAEEA09E173 /* Assets.xcassets in Resources */,
			);
			runOnlyForDeploymentPostprocessing = 0;
		};
/* End PBXResourcesBuildPhase section */

/* Begin PBXCopyFilesBuildPhase section */
		DCB436E1267B4C8E923EE288 /* CopyFiles */ = {
			isa = PBXCopyFilesBuildPhase;
			buildActionMask = 2147483647;
			dstPath = "";
			dstSubfolderSpec = 6;
			files = (
			);
			name = "Embed VirtualDisplayKeeper";
			runOnlyForDeploymentPostprocessing = 0;
		};
/* End PBXCopyFilesBuildPhase section */

/* Begin PBXShellScriptBuildPhase section */
		C7AE052335AE4E35BA9D6679 /* Compile VirtualDisplayKeeper */ = {
			isa = PBXShellScriptBuildPhase;
			alwaysOutOfDate = 1;
			buildActionMask = 2147483647;
			files = (
			);
			inputFileListPaths = (
			);
			inputPaths = (
				"$(SRCROOT)/VirtualDisplayKeeper/main.swift",
				"$(SRCROOT)/VirtualDisplayKeeper/DisplayCreator.swift",
			);
			name = "Compile VirtualDisplayKeeper";
			outputFileListPaths = (
			);
			outputPaths = (
				"$(BUILT_PRODUCTS_DIR)/$(CONTENTS_FOLDER_PATH)/MacOS/VirtualDisplayKeeper",
			);
			runOnlyForDeploymentPostprocessing = 0;
			shellPath = /bin/sh;
			shellScript = "set -e\nOUT=\"${BUILT_PRODUCTS_DIR}/${CONTENTS_FOLDER_PATH}/MacOS/VirtualDisplayKeeper\"\nswiftc -O \\\n  \"${SRCROOT}/VirtualDisplayKeeper/DisplayCreator.swift\" \\\n  \"${SRCROOT}/VirtualDisplayKeeper/main.swift\" \\\n  -framework Foundation \\\n  -framework AppKit \\\n  -framework CoreGraphics \\\n  -o \"${OUT}\"\necho \"[Build] VirtualDisplayKeeper compiled to ${OUT}\"\n";
		};
/* End PBXShellScriptBuildPhase section */

/* Begin PBXSourcesBuildPhase section */
		19CB7659716F57A03B7B34AB /* Sources */ = {
			isa = PBXSourcesBuildPhase;
			buildActionMask = 2147483647;
			files = (
				43A4832827C6B6FF3253A281 /* AboutSettingsView.swift in Sources */,
				D753B2C85CD66188DC15A8FA /* AppDelegate.swift in Sources */,
				3A7B8231CAE498E159BC34E8 /* Constants.swift in Sources */,
				679E073A6168676BF8E4A41D /* Display.swift in Sources */,
				A95D1B90992FBA45E8395321 /* DisplayManager.swift in Sources */,
				599C38640A558FD68CA65C88 /* DisplayMode.swift in Sources */,
				D45A818858BCDB663EB476AD /* DisplayModeRowView.swift in Sources */,
				5001C919B50496117523DFC0 /* DisplayPlacerManager.swift in Sources */,
				7C76CCDD82BB52D361779EB8 /* DisplayPlacerSettingsView.swift in Sources */,
				F47BA1A7E18CB9760F89D7A0 /* DisplaySectionView.swift in Sources */,
				DE58652C942AD9139D3D7553 /* GeneralSettingsView.swift in Sources */,
				5CE7CF8E98216F2A7EF4C986 /* KeyboardShortcutManager.swift in Sources */,
				F7BC87C9346F1C337AEACAC0 /* MenuBarView.swift in Sources */,
				B9FF17E7A9A97C7A8579FD8C /* NoBrainerResApp.swift in Sources */,
				5ED2D284ECA3D5676C3ECBDA /* Profile.swift in Sources */,
				EDCC74DD1A459AC542E3FC6E /* ProfileManager.swift in Sources */,
				201A1B47A136ADF4E47879EC /* QuickActionsView.swift in Sources */,
				9BD8C5BB5A8A81B9529BFBF1 /* SettingsView.swift in Sources */,
				51FEB91F0FB34816758E65E6 /* ShortcutsSettingsView.swift in Sources */,
				86A6D3DD6B9C4E748E29EBEC /* DaemonManager.swift in Sources */,
				F4A65D7DF4C44B219CECD327 /* VirtualDisplay.swift in Sources */,
				E4094BA77DC04E4783CEEC47 /* VirtualDisplayManager.swift in Sources */,
				F21B1406B2B344DE9279B91D /* VirtualDisplaySectionView.swift in Sources */,
				A9D19BAD03924FEABA6F71F6 /* VirtualDisplaySettingsView.swift in Sources */,
			);
			runOnlyForDeploymentPostprocessing = 0;
		};
/* End PBXSourcesBuildPhase section */

/* Begin XCBuildConfiguration section */
		916A087208A9BEC4FA72D179 /* Debug */ = {
			isa = XCBuildConfiguration;
			buildSettings = {
				ALWAYS_SEARCH_USER_PATHS = NO;
				CLANG_ANALYZER_NONNULL = YES;
				CLANG_ANALYZER_NUMBER_OBJECT_CONVERSION = YES_AGGRESSIVE;
				CLANG_CXX_LANGUAGE_STANDARD = "gnu++14";
				CLANG_CXX_LIBRARY = "libc++";
				CLANG_ENABLE_MODULES = YES;
				CLANG_ENABLE_OBJC_ARC = YES;
				CLANG_ENABLE_OBJC_WEAK = YES;
				CLANG_WARN_BLOCK_CAPTURE_AUTORELEASING = YES;
				CLANG_WARN_BOOL_CONVERSION = YES;
				CLANG_WARN_COMMA = YES;
				CLANG_WARN_CONSTANT_CONVERSION = YES;
				CLANG_WARN_DEPRECATED_OBJC_IMPLEMENTATIONS = YES;
				CLANG_WARN_DIRECT_OBJC_ISA_USAGE = YES_ERROR;
				CLANG_WARN_DOCUMENTATION_COMMENTS = YES;
				CLANG_WARN_EMPTY_BODY = YES;
				CLANG_WARN_ENUM_CONVERSION = YES;
				CLANG_WARN_INFINITE_RECURSION = YES;
				CLANG_WARN_INT_CONVERSION = YES;
				CLANG_WARN_NON_LITERAL_NULL_CONVERSION = YES;
				CLANG_WARN_OBJC_IMPLICIT_RETAIN_SELF = YES;
				CLANG_WARN_OBJC_LITERAL_CONVERSION = YES;
				CLANG_WARN_OBJC_ROOT_CLASS = YES_ERROR;
				CLANG_WARN_QUOTED_INCLUDE_IN_FRAMEWORK_HEADER = YES;
				CLANG_WARN_RANGE_LOOP_ANALYSIS = YES;
				CLANG_WARN_STRICT_PROTOTYPES = YES;
				CLANG_WARN_SUSPICIOUS_MOVE = YES;
				CLANG_WARN_UNGUARDED_AVAILABILITY = YES_AGGRESSIVE;
				CLANG_WARN_UNREACHABLE_CODE = YES;
				CLANG_WARN__DUPLICATE_METHOD_MATCH = YES;
				COPY_PHASE_STRIP = NO;
				DEBUG_INFORMATION_FORMAT = dwarf;
				ENABLE_STRICT_OBJC_MSGSEND = YES;
				ENABLE_TESTABILITY = YES;
				GCC_C_LANGUAGE_STANDARD = gnu11;
				GCC_DYNAMIC_NO_PIC = NO;
				GCC_NO_COMMON_BLOCKS = YES;
				GCC_OPTIMIZATION_LEVEL = 0;
				GCC_PREPROCESSOR_DEFINITIONS = (
					"$(inherited)",
					"DEBUG=1",
				);
				GCC_WARN_64_TO_32_BIT_CONVERSION = YES;
				GCC_WARN_ABOUT_RETURN_TYPE = YES_ERROR;
				GCC_WARN_UNDECLARED_SELECTOR = YES;
				GCC_WARN_UNINITIALIZED_AUTOS = YES_AGGRESSIVE;
				GCC_WARN_UNUSED_FUNCTION = YES;
				GCC_WARN_UNUSED_VARIABLE = YES;
				MACOSX_DEPLOYMENT_TARGET = 14.0;
				MTL_ENABLE_DEBUG_INFO = INCLUDE_SOURCE;
				MTL_FAST_MATH = YES;
				ONLY_ACTIVE_ARCH = YES;
				PRODUCT_NAME = "$(TARGET_NAME)";
				SDKROOT = macosx;
				SWIFT_ACTIVE_COMPILATION_CONDITIONS = DEBUG;
				SWIFT_OPTIMIZATION_LEVEL = "-Onone";
				SWIFT_VERSION = 5.0;
			};
			name = Debug;
		};
		A50714FD11785BC949C43F01 /* Release */ = {
			isa = XCBuildConfiguration;
			buildSettings = {
				ALWAYS_SEARCH_USER_PATHS = NO;
				CLANG_ANALYZER_NONNULL = YES;
				CLANG_ANALYZER_NUMBER_OBJECT_CONVERSION = YES_AGGRESSIVE;
				CLANG_CXX_LANGUAGE_STANDARD = "gnu++14";
				CLANG_CXX_LIBRARY = "libc++";
				CLANG_ENABLE_MODULES = YES;
				CLANG_ENABLE_OBJC_ARC = YES;
				CLANG_ENABLE_OBJC_WEAK = YES;
				CLANG_WARN_BLOCK_CAPTURE_AUTORELEASING = YES;
				CLANG_WARN_BOOL_CONVERSION = YES;
				CLANG_WARN_COMMA = YES;
				CLANG_WARN_CONSTANT_CONVERSION = YES;
				CLANG_WARN_DEPRECATED_OBJC_IMPLEMENTATIONS = YES;
				CLANG_WARN_DIRECT_OBJC_ISA_USAGE = YES_ERROR;
				CLANG_WARN_DOCUMENTATION_COMMENTS = YES;
				CLANG_WARN_EMPTY_BODY = YES;
				CLANG_WARN_ENUM_CONVERSION = YES;
				CLANG_WARN_INFINITE_RECURSION = YES;
				CLANG_WARN_INT_CONVERSION = YES;
				CLANG_WARN_NON_LITERAL_NULL_CONVERSION = YES;
				CLANG_WARN_OBJC_IMPLICIT_RETAIN_SELF = YES;
				CLANG_WARN_OBJC_LITERAL_CONVERSION = YES;
				CLANG_WARN_OBJC_ROOT_CLASS = YES_ERROR;
				CLANG_WARN_QUOTED_INCLUDE_IN_FRAMEWORK_HEADER = YES;
				CLANG_WARN_RANGE_LOOP_ANALYSIS = YES;
				CLANG_WARN_STRICT_PROTOTYPES = YES;
				CLANG_WARN_SUSPICIOUS_MOVE = YES;
				CLANG_WARN_UNGUARDED_AVAILABILITY = YES_AGGRESSIVE;
				CLANG_WARN_UNREACHABLE_CODE = YES;
				CLANG_WARN__DUPLICATE_METHOD_MATCH = YES;
				COPY_PHASE_STRIP = NO;
				DEBUG_INFORMATION_FORMAT = "dwarf-with-dsym";
				ENABLE_NS_ASSERTIONS = NO;
				ENABLE_STRICT_OBJC_MSGSEND = YES;
				GCC_C_LANGUAGE_STANDARD = gnu11;
				GCC_NO_COMMON_BLOCKS = YES;
				GCC_WARN_64_TO_32_BIT_CONVERSION = YES;
				GCC_WARN_ABOUT_RETURN_TYPE = YES_ERROR;
				GCC_WARN_UNDECLARED_SELECTOR = YES;
				GCC_WARN_UNINITIALIZED_AUTOS = YES_AGGRESSIVE;
				GCC_WARN_UNUSED_FUNCTION = YES;
				GCC_WARN_UNUSED_VARIABLE = YES;
				MACOSX_DEPLOYMENT_TARGET = 14.0;
				MTL_ENABLE_DEBUG_INFO = NO;
				MTL_FAST_MATH = YES;
				PRODUCT_NAME = "$(TARGET_NAME)";
				SDKROOT = macosx;
				SWIFT_COMPILATION_MODE = wholemodule;
				SWIFT_OPTIMIZATION_LEVEL = "-O";
				SWIFT_VERSION = 5.0;
			};
			name = Release;
		};
		C51A66B41C19529FA450C64F /* Release */ = {
			isa = XCBuildConfiguration;
			buildSettings = {
				ASSETCATALOG_COMPILER_APPICON_NAME = AppIcon;
				CODE_SIGN_ENTITLEMENTS = "NoBrainer-Res/NoBrainerRes.entitlements";
				CODE_SIGN_IDENTITY = "-";
				CODE_SIGN_STYLE = Automatic;
				COMBINE_HIDPI_IMAGES = YES;
				CURRENT_PROJECT_VERSION = 1;
				DEAD_CODE_STRIPPING = YES;
				GENERATE_INFOPLIST_FILE = NO;
				INFOPLIST_FILE = "NoBrainer-Res/Info.plist";
				LD_RUNPATH_SEARCH_PATHS = (
					"$(inherited)",
					"@executable_path/../Frameworks",
				);
				LS_BUNDLE_IDENTIFIER = com.nobrainer.res;
				MACOSX_DEPLOYMENT_TARGET = 14.0;
				MARKETING_VERSION = 1.0.0;
				PRODUCT_BUNDLE_IDENTIFIER = com.nobrainer.res;
				PRODUCT_NAME = "NoBrainer Res";
				SDKROOT = macosx;
				SWIFT_STRICT_CONCURRENCY = complete;
				SWIFT_VERSION = 6.0;
			};
			name = Release;
		};
		E4F79B155FF3B3ABC3FFB56C /* Debug */ = {
			isa = XCBuildConfiguration;
			buildSettings = {
				ASSETCATALOG_COMPILER_APPICON_NAME = AppIcon;
				CODE_SIGN_ENTITLEMENTS = "NoBrainer-Res/NoBrainerRes.entitlements";
				CODE_SIGN_IDENTITY = "-";
				CODE_SIGN_STYLE = Automatic;
				COMBINE_HIDPI_IMAGES = YES;
				CURRENT_PROJECT_VERSION = 1;
				DEAD_CODE_STRIPPING = YES;
				GENERATE_INFOPLIST_FILE = NO;
				INFOPLIST_FILE = "NoBrainer-Res/Info.plist";
				LD_RUNPATH_SEARCH_PATHS = (
					"$(inherited)",
					"@executable_path/../Frameworks",
				);
				LS_BUNDLE_IDENTIFIER = com.nobrainer.res;
				MACOSX_DEPLOYMENT_TARGET = 14.0;
				MARKETING_VERSION = 1.0.0;
				PRODUCT_BUNDLE_IDENTIFIER = com.nobrainer.res;
				PRODUCT_NAME = "NoBrainer Res";
				SDKROOT = macosx;
				SWIFT_STRICT_CONCURRENCY = complete;
				SWIFT_VERSION = 6.0;
			};
			name = Debug;
		};
/* End XCBuildConfiguration section */

/* Begin XCConfigurationList section */
		8B538A80B63C68EF0DCDE324 /* Build configuration list for PBXProject "NoBrainer-Res" */ = {
			isa = XCConfigurationList;
			buildConfigurations = (
				916A087208A9BEC4FA72D179 /* Debug */,
				A50714FD11785BC949C43F01 /* Release */,
			);
			defaultConfigurationIsVisible = 0;
			defaultConfigurationName = Debug;
		};
		EE2BA2E550884C4E248F0683 /* Build configuration list for PBXNativeTarget "NoBrainer-Res" */ = {
			isa = XCConfigurationList;
			buildConfigurations = (
				E4F79B155FF3B3ABC3FFB56C /* Debug */,
				C51A66B41C19529FA450C64F /* Release */,
			);
			defaultConfigurationIsVisible = 0;
			defaultConfigurationName = Debug;
		};
/* End XCConfigurationList section */

/* Begin XCRemoteSwiftPackageReference section */
		9EFBA9F2124E68A5ED4C0868 /* XCRemoteSwiftPackageReference "KeyboardShortcuts" */ = {
			isa = XCRemoteSwiftPackageReference;
			repositoryURL = "https://github.com/sindresorhus/KeyboardShortcuts";
			requirement = {
				kind = upToNextMajorVersion;
				minimumVersion = 2.0.0;
			};
		};
/* End XCRemoteSwiftPackageReference section */

/* Begin XCSwiftPackageProductDependency section */
		57615A85CA755C84385CC691 /* KeyboardShortcuts */ = {
			isa = XCSwiftPackageProductDependency;
			package = 9EFBA9F2124E68A5ED4C0868 /* XCRemoteSwiftPackageReference "KeyboardShortcuts" */;
			productName = KeyboardShortcuts;
		};
/* End XCSwiftPackageProductDependency section */
	};
	rootObject = 3E0FF1839313422D47AC23E3 /* Project object */;
}
